// !$*UTF8*$!
{
	archiveVersion = 1;
	classes = {
	};
	objectVersion = 48;
	objects = {

/* Begin PBXBuildFile section */
		65BE32AE200A0E440042467F /* AppDelegate.m in Sources */ = {isa = PBXBuildFile; fileRef = 65BE32AD200A0E440042467F /* AppDelegate.m */; };
		65BE32B1200A0E440042467F /* ViewController.m in Sources */ = {isa = PBXBuildFile; fileRef = 65BE32B0200A0E440042467F /* ViewController.m */; };
		65BE32B4200A0E440042467F /* Main.storyboard in Resources */ = {isa = PBXBuildFile; fileRef = 65BE32B2200A0E440042467F /* Main.storyboard */; };
		65BE32B6200A0E440042467F /* Assets.xcassets in Resources */ = {isa = PBXBuildFile; fileRef = 65BE32B5200A0E440042467F /* Assets.xcassets */; };
		65BE32B9200A0E440042467F /* LaunchScreen.storyboard in Resources */ = {isa = PBXBuildFile; fileRef = 65BE32B7200A0E440042467F /* LaunchScreen.storyboard */; };
		65BE32BC200A0E440042467F /* main.m in Sources */ = {isa = PBXBuildFile; fileRef = 65BE32BB200A0E440042467F /* main.m */; };
		65BE32C6200A0E440042467F /* test2Tests.m in Sources */ = {isa = PBXBuildFile; fileRef = 65BE32C5200A0E440042467F /* test2Tests.m */; };
		65BE32D1200A0E440042467F /* test2UITests.m in Sources */ = {isa = PBXBuildFile; fileRef = 65BE32D0200A0E440042467F /* test2UITests.m */; };
/* End PBXBuildFile section */

/* Begin PBXContainerItemProxy section */
		65BE32C2200A0E440042467F /* PBXContainerItemProxy */ = {
			isa = PBXContainerItemProxy;
			containerPortal = 65BE32A1200A0E440042467F /* Project object */;
			proxyType = 1;
			remoteGlobalIDString = 65BE32A8200A0E440042467F;
			remoteInfo = test2;
		};
		65BE32CD200A0E440042467F /* PBXContainerItemProxy */ = {
			isa = PBXContainerItemProxy;
			containerPortal = 65BE32A1200A0E440042467F /* Project object */;
			proxyType = 1;
			remoteGlobalIDString = 65BE32A8200A0E440042467F;
			remoteInfo = test2;
		};
/* End PBXContainerItemProxy section */

/* Begin PBXFileReference section */
		65BE32A9200A0E440042467F /* test2.app */ = {isa = PBXFileReference; explicitFileType = wrapper.application; includeInIndex = 0; path = test2.app; sourceTree = BUILT_PRODUCTS_DIR; };
		65BE32AC200A0E440042467F /* AppDelegate.h */ = {isa = PBXFileReference; lastKnownFileType = sourcecode.c.h; path = AppDelegate.h; sourceTree = "<group>"; };
		65BE32AD200A0E440042467F /* AppDelegate.m */ = {isa = PBXFileReference; lastKnownFileType = sourcecode.c.objc; path = AppDelegate.m; sourceTree = "<group>"; };
		65BE32AF200A0E440042467F /* ViewController.h */ = {isa = PBXFileReference; lastKnownFileType = sourcecode.c.h; path = ViewController.h; sourceTree = "<group>"; };
		65BE32B0200A0E440042467F /* ViewController.m */ = {isa = PBXFileReference; lastKnownFileType = sourcecode.c.objc; path = ViewController.m; sourceTree = "<group>"; };
		65BE32B3200A0E440042467F /* Base */ = {isa = PBXFileReference; lastKnownFileType = file.storyboard; name = Base; path = Base.lproj/Main.storyboard; sourceTree = "<group>"; };
		65BE32B5200A0E440042467F /* Assets.xcassets */ = {isa = PBXFileReference; lastKnownFileType = folder.assetcatalog; path = Assets.xcassets; sourceTree = "<group>"; };
		65BE32B8200A0E440042467F /* Base */ = {isa = PBXFileReference; lastKnownFileType = file.storyboard; name = Base; path = Base.lproj/LaunchScreen.storyboard; sourceTree = "<group>"; };
		65BE32BA200A0E440042467F /* Info.plist */ = {isa = PBXFileReference; lastKnownFileType = text.plist.xml; path = Info.plist; sourceTree = "<group>"; };
		65BE32BB200A0E440042467F /* main.m */ = {isa = PBXFileReference; lastKnownFileType = sourcecode.c.objc; path = main.m; sourceTree = "<group>"; };
		65BE32C1200A0E440042467F /* test2Tests.xctest */ = {isa = PBXFileReference; explicitFileType = wrapper.cfbundle; includeInIndex = 0; path = test2Tests.xctest; sourceTree = BUILT_PRODUCTS_DIR; };
		65BE32C5200A0E440042467F /* test2Tests.m */ = {isa = PBXFileReference; lastKnownFileType = sourcecode.c.objc; path = test2Tests.m; sourceTree = "<group>"; };
		65BE32C7200A0E440042467F /* Info.plist */ = {isa = PBXFileReference; lastKnownFileType = text.plist.xml; path = Info.plist; sourceTree = "<group>"; };
		65BE32CC200A0E440042467F /* test2UITests.xctest */ = {isa = PBXFileReference; explicitFileType = wrapper.cfbundle; includeInIndex = 0; path = test2UITests.xctest; sourceTree = BUILT_PRODUCTS_DIR; };
		65BE32D0200A0E440042467F /* test2UITests.m */ = {isa = PBXFileReference; lastKnownFileType = sourcecode.c.objc; path = test2UITests.m; sourceTree = "<group>"; };
		65BE32D2200A0E440042467F /* Info.plist */ = {isa = PBXFileReference; lastKnownFileType = text.plist.xml; path = Info.plist; sourceTree = "<group>"; };
/* End PBXFileReference section */

/* Begin PBXFrameworksBuildPhase section */
		65BE32A6200A0E440042467F /* Frameworks */ = {
			isa = PBXFrameworksBuildPhase;
			buildActionMask = 2147483647;
			files = (
			);
			runOnlyForDeploymentPostprocessing = 0;
		};
		65BE32BE200A0E440042467F /* Frameworks */ = {
			isa = PBXFrameworksBuildPhase;
			buildActionMask = 2147483647;
			files = (
			);
			runOnlyForDeploymentPostprocessing = 0;
		};
		65BE32C9200A0E440042467F /* Frameworks */ = {
			isa = PBXFrameworksBuildPhase;
			buildActionMask = 2147483647;
			files = (
			);
			runOnlyForDeploymentPostprocessing = 0;
		};
/* End PBXFrameworksBuildPhase section */

/* Begin PBXGroup section */
		65BE32A0200A0E440042467F = {
			isa = PBXGroup;
			children = (
				65BE32AB200A0E440042467F /* test2 */,
				65BE32C4200A0E440042467F /* test2Tests */,
				65BE32CF200A0E440042467F /* test2UITests */,
				65BE32AA200A0E440042467F /* Products */,
			);
			sourceTree = "<group>";
		};
		65BE32AA200A0E440042467F /* Products */ = {
			isa = PBXGroup;
			children = (
				65BE32A9200A0E440042467F /* test2.app */,
				65BE32C1200A0E440042467F /* test2Tests.xctest */,
				65BE32CC200A0E440042467F /* test2UITests.xctest */,
			);
			name = Products;
			sourceTree = "<group>";
		};
		65BE32AB200A0E440042467F /* test2 */ = {
			isa = PBXGroup;
			children = (
				65BE32AC200A0E440042467F /* AppDelegate.h */,
				65BE32AD200A0E440042467F /* AppDelegate.m */,
				65BE32AF200A0E440042467F /* ViewController.h */,
				65BE32B0200A0E440042467F /* ViewController.m */,
				65BE32B2200A0E440042467F /* Main.storyboard */,
				65BE32B5200A0E440042467F /* Assets.xcassets */,
				65BE32B7200A0E440042467F /* LaunchScreen.storyboard */,
				65BE32BA200A0E440042467F /* Info.plist */,
				65BE32BB200A0E440042467F /* main.m */,
			);
			path = test2;
			sourceTree = "<group>";
		};
		65BE32C4200A0E440042467F /* test2Tests */ = {
			isa = PBXGroup;
			children = (
				65BE32C5200A0E440042467F /* test2Tests.m */,
				65BE32C7200A0E440042467F /* Info.plist */,
			);
			path = test2Tests;
			sourceTree = "<group>";
		};
		65BE32CF200A0E440042467F /* test2UITests */ = {
			isa = PBXGroup;
			children = (
				65BE32D0200A0E440042467F /* test2UITests.m */,
				65BE32D2200A0E440042467F /* Info.plist */,
			);
			path = test2UITests;
			sourceTree = "<group>";
		};
/* End PBXGroup section */

/* Begin PBXNativeTarget section */
		65BE32A8200A0E440042467F /* test2 */ = {
			isa = PBXNativeTarget;
			buildConfigurationList = 65BE32D5200A0E440042467F /* Build configuration list for PBXNativeTarget "test2" */;
			buildPhases = (
				65BE32A5200A0E440042467F /* Sources */,
				65BE32A6200A0E440042467F /* Frameworks */,
				65BE32A7200A0E440042467F /* Resources */,
			);
			buildRules = (
			);
			dependencies = (
			);
			name = test2;
			productName = test2;
			productReference = 65BE32A9200A0E440042467F /* test2.app */;
			productType = "com.apple.product-type.application";
		};
		65BE32C0200A0E440042467F /* test2Tests */ = {
			isa = PBXNativeTarget;
			buildConfigurationList = 65BE32D8200A0E440042467F /* Build configuration list for PBXNativeTarget "test2Tests" */;
			buildPhases = (
				65BE32BD200A0E440042467F /* Sources */,
				65BE32BE200A0E440042467F /* Frameworks */,
				65BE32BF200A0E440042467F /* Resources */,
			);
			buildRules = (
			);
			dependencies = (
				65BE32C3200A0E440042467F /* PBXTargetDependency */,
			);
			name = test2Tests;
			productName = test2Tests;
			productReference = 65BE32C1200A0E440042467F /* test2Tests.xctest */;
			productType = "com.apple.product-type.bundle.unit-test";
		};
		65BE32CB200A0E440042467F /* test2UITests */ = {
			isa = PBXNativeTarget;
			buildConfigurationList = 65BE32DB200A0E440042467F /* Build configuration list for PBXNativeTarget "test2UITests" */;
			buildPhases = (
				65BE32C8200A0E440042467F /* Sources */,
				65BE32C9200A0E440042467F /* Frameworks */,
				65BE32CA200A0E440042467F /* Resources */,
			);
			buildRules = (
			);
			dependencies = (
				65BE32CE200A0E440042467F /* PBXTargetDependency */,
			);
			name = test2UITests;
			productName = test2UITests;
			productReference = 65BE32CC200A0E440042467F /* test2UITests.xctest */;
			productType = "com.apple.product-type.bundle.ui-testing";
		};
/* End PBXNativeTarget section */

/* Begin PBXProject section */
		65BE32A1200A0E440042467F /* Project object */ = {
			isa = PBXProject;
			attributes = {
				LastUpgradeCheck = 0910;
				ORGANIZATIONNAME = TeeMo;
				TargetAttributes = {
					65BE32A8200A0E440042467F = {
						CreatedOnToolsVersion = 9.1;
						ProvisioningStyle = Automatic;
					};
					65BE32C0200A0E440042467F = {
						CreatedOnToolsVersion = 9.1;
						ProvisioningStyle = Automatic;
						TestTargetID = 65BE32A8200A0E440042467F;
					};
					65BE32CB200A0E440042467F = {
						CreatedOnToolsVersion = 9.1;
						ProvisioningStyle = Automatic;
						TestTargetID = 65BE32A8200A0E440042467F;
					};
				};
			};
			buildConfigurationList = 65BE32A4200A0E440042467F /* Build configuration list for PBXProject "test2" */;
			compatibilityVersion = "Xcode 8.0";
			developmentRegion = en;
			hasScannedForEncodings = 0;
			knownRegions = (
				en,
				Base,
			);
			mainGroup = 65BE32A0200A0E440042467F;
			productRefGroup = 65BE32AA200A0E440042467F /* Products */;
			projectDirPath = "";
			projectRoot = "";
			targets = (
				65BE32A8200A0E440042467F /* test2 */,
				65BE32C0200A0E440042467F /* test2Tests */,
				65BE32CB200A0E440042467F /* test2UITests */,
			);
		};
/* End PBXProject section */

/* Begin PBXResourcesBuildPhase section */
		65BE32A7200A0E440042467F /* Resources */ = {
			isa = PBXResourcesBuildPhase;
			buildActionMask = 2147483647;
			files = (
				65BE32B9200A0E440042467F /* LaunchScreen.storyboard in Resources */,
				65BE32B6200A0E440042467F /* Assets.xcassets in Resources */,
				65BE32B4200A0E440042467F /* Main.storyboard in Resources */,
			);
			runOnlyForDeploymentPostprocessing = 0;
		};
		65BE32BF200A0E440042467F /* Resources */ = {
			isa = PBXResourcesBuildPhase;
			buildActionMask = 2147483647;
			files = (
			);
			runOnlyForDeploymentPostprocessing = 0;
		};
		65BE32CA200A0E440042467F /* Resources */ = {
			isa = PBXResourcesBuildPhase;
			buildActionMask = 2147483647;
			files = (
			);
			runOnlyForDeploymentPostprocessing = 0;
		};
/* End PBXResourcesBuildPhase section */

/* Begin PBXSourcesBuildPhase section */
		65BE32A5200A0E440042467F /* Sources */ = {
			isa = PBXSourcesBuildPhase;
			buildActionMask = 2147483647;
			files = (
				65BE32B1200A0E440042467F /* ViewController.m in Sources */,
				65BE32BC200A0E440042467F /* main.m in Sources */,
				65BE32AE200A0E440042467F /* AppDelegate.m in Sources */,
			);
			runOnlyForDeploymentPostprocessing = 0;
		};
		65BE32BD200A0E440042467F /* Sources */ = {
			isa = PBXSourcesBuildPhase;
			buildActionMask = 2147483647;
			files = (
				65BE32C6200A0E440042467F /* test2Tests.m in Sources */,
			);
			runOnlyForDeploymentPostprocessing = 0;
		};
		65BE32C8200A0E440042467F /* Sources */ = {
			isa = PBXSourcesBuildPhase;
			buildActionMask = 2147483647;
			files = (
				65BE32D1200A0E440042467F /* test2UITests.m in Sources */,
			);
			runOnlyForDeploymentPostprocessing = 0;
		};
/* End PBXSourcesBuildPhase section */

/* Begin PBXTargetDependency section */
		65BE32C3200A0E440042467F /* PBXTargetDependency */ = {
			isa = PBXTargetDependency;
			target = 65BE32A8200A0E440042467F /* test2 */;
			targetProxy = 65BE32C2200A0E440042467F /* PBXContainerItemProxy */;
		};
		65BE32CE200A0E440042467F /* PBXTargetDependency */ = {
			isa = PBXTargetDependency;
			target = 65BE32A8200A0E440042467F /* test2 */;
			targetProxy = 65BE32CD200A0E440042467F /* PBXContainerItemProxy */;
		};
/* End PBXTargetDependency section */

/* Begin PBXVariantGroup section */
		65BE32B2200A0E440042467F /* Main.storyboard */ = {
			isa = PBXVariantGroup;
			children = (
				65BE32B3200A0E440042467F /* Base */,
			);
			name = Main.storyboard;
			sourceTree = "<group>";
		};
		65BE32B7200A0E440042467F /* LaunchScreen.storyboard */ = {
			isa = PBXVariantGroup;
			children = (
				65BE32B8200A0E440042467F /* Base */,
			);
			name = LaunchScreen.storyboard;
			sourceTree = "<group>";
		};
/* End PBXVariantGroup section */

/* Begin XCBuildConfiguration section */
		65BE32D3200A0E440042467F /* Debug */ = {
			isa = XCBuildConfiguration;
			buildSettings = {
				ALWAYS_SEARCH_USER_PATHS = NO;
				CLANG_ANALYZER_NONNULL = YES;
				CLANG_ANALYZER_NUMBER_OBJECT_CONVERSION = YES_AGGRESSIVE;
				CLANG_CXX_LANGUAGE_STANDARD = "gnu++14";
				CLANG_CXX_LIBRARY = "libc++";
				CLANG_ENABLE_MODULES = YES;
				CLANG_ENABLE_OBJC_ARC = YES;
				CLANG_WARN_BLOCK_CAPTURE_AUTORELEASING = YES;
				CLANG_WARN_BOOL_CONVERSION = YES;
				CLANG_WARN_COMMA = YES;
				CLANG_WARN_CONSTANT_CONVERSION = YES;
				CLANG_WARN_DIRECT_OBJC_ISA_USAGE = YES_ERROR;
				CLANG_WARN_DOCUMENTATION_COMMENTS = YES;
				CLANG_WARN_EMPTY_BODY = YES;
				CLANG_WARN_ENUM_CONVERSION = YES;
				CLANG_WARN_INFINITE_RECURSION = YES;
				CLANG_WARN_INT_CONVERSION = YES;
				CLANG_WARN_NON_LITERAL_NULL_CONVERSION = YES;
				CLANG_WARN_OBJC_LITERAL_CONVERSION = YES;
				CLANG_WARN_OBJC_ROOT_CLASS = YES_ERROR;
				CLANG_WARN_RANGE_LOOP_ANALYSIS = YES;
				CLANG_WARN_STRICT_PROTOTYPES = YES;
				CLANG_WARN_SUSPICIOUS_MOVE = YES;
				CLANG_WARN_UNGUARDED_AVAILABILITY = YES_AGGRESSIVE;
				CLANG_WARN_UNREACHABLE_CODE = YES;
				CLANG_WARN__DUPLICATE_METHOD_MATCH = YES;
				CODE_SIGN_IDENTITY = "iPhone Developer";
				COPY_PHASE_STRIP = NO;
				DEBUG_INFORMATION_FORMAT = dwarf;
				ENABLE_STRICT_OBJC_MSGSEND = YES;
				ENABLE_TESTABILITY = YES;
				GCC_C_LANGUAGE_STANDARD = gnu11;
				GCC_DYNAMIC_NO_PIC = NO;
				GCC_NO_COMMON_BLOCKS = YES;
				GCC_OPTIMIZATION_LEVEL = 0;
				GCC_PREPROCESSOR_DEFINITIONS = (
					"DEBUG=1",
					"$(inherited)",
				);
				GCC_WARN_64_TO_32_BIT_CONVERSION = YES;
				GCC_WARN_ABOUT_RETURN_TYPE = YES_ERROR;
				GCC_WARN_UNDECLARED_SELECTOR = YES;
				GCC_WARN_UNINITIALIZED_AUTOS = YES_AGGRESSIVE;
				GCC_WARN_UNUSED_FUNCTION = YES;
				GCC_WARN_UNUSED_VARIABLE = YES;
				IPHONEOS_DEPLOYMENT_TARGET = 11.1;
				MTL_ENABLE_DEBUG_INFO = YES;
				ONLY_ACTIVE_ARCH = YES;
				SDKROOT = iphoneos;
			};
			name = Debug;
		};
		65BE32D4200A0E440042467F /* Release */ = {
			isa = XCBuildConfiguration;
			buildSettings = {
				ALWAYS_SEARCH_USER_PATHS = NO;
				CLANG_ANALYZER_NONNULL = YES;
				CLANG_ANALYZER_NUMBER_OBJECT_CONVERSION = YES_AGGRESSIVE;
				CLANG_CXX_LANGUAGE_STANDARD = "gnu++14";
				CLANG_CXX_LIBRARY = "libc++";
				CLANG_ENABLE_MODULES = YES;
				CLANG_ENABLE_OBJC_ARC = YES;
				CLANG_WARN_BLOCK_CAPTURE_AUTORELEASING = YES;
				CLANG_WARN_BOOL_CONVERSION = YES;
				CLANG_WARN_COMMA = YES;
				CLANG_WARN_CONSTANT_CONVERSION = YES;
				CLANG_WARN_DIRECT_OBJC_ISA_USAGE = YES_ERROR;
				CLANG_WARN_DOCUMENTATION_COMMENTS = YES;
				CLANG_WARN_EMPTY_BODY = YES;
				CLANG_WARN_ENUM_CONVERSION = YES;
				CLANG_WARN_INFINITE_RECURSION = YES;
				CLANG_WARN_INT_CONVERSION = YES;
				CLANG_WARN_NON_LITERAL_NULL_CONVERSION = YES;
				CLANG_WARN_OBJC_LITERAL_CONVERSION = YES;
				CLANG_WARN_OBJC_ROOT_CLASS = YES_ERROR;
				CLANG_WARN_RANGE_LOOP_ANALYSIS = YES;
				CLANG_WARN_STRICT_PROTOTYPES = YES;
				CLANG_WARN_SUSPICIOUS_MOVE = YES;
				CLANG_WARN_UNGUARDED_AVAILABILITY = YES_AGGRESSIVE;
				CLANG_WARN_UNREACHABLE_CODE = YES;
				CLANG_WARN__DUPLICATE_METHOD_MATCH = YES;
				CODE_SIGN_IDENTITY = "iPhone Developer";
				COPY_PHASE_STRIP = NO;
				DEBUG_INFORMATION_FORMAT = "dwarf-with-dsym";
				ENABLE_NS_ASSERTIONS = NO;
				ENABLE_STRICT_OBJC_MSGSEND = YES;
				GCC_C_LANGUAGE_STANDARD = gnu11;
				GCC_NO_COMMON_BLOCKS = YES;
				GCC_WARN_64_TO_32_BIT_CONVERSION = YES;
				GCC_WARN_ABOUT_RETURN_TYPE = YES_ERROR;
				GCC_WARN_UNDECLARED_SELECTOR = YES;
				GCC_WARN_UNINITIALIZED_AUTOS = YES_AGGRESSIVE;
				GCC_WARN_UNUSED_FUNCTION = YES;
				GCC_WARN_UNUSED_VARIABLE = YES;
				IPHONEOS_DEPLOYMENT_TARGET = 11.1;
				MTL_ENABLE_DEBUG_INFO = NO;
				SDKROOT = iphoneos;
				VALIDATE_PRODUCT = YES;
			};
			name = Release;
		};
		65BE32D6200A0E440042467F /* Debug */ = {
			isa = XCBuildConfiguration;
			buildSettings = {
				ASSETCATALOG_COMPILER_APPICON_NAME = AppIcon;
				CODE_SIGN_STYLE = Automatic;
				INFOPLIST_FILE = test2/Info.plist;
				LD_RUNPATH_SEARCH_PATHS = "$(inherited) @executable_path/Frameworks";
				PRODUCT_BUNDLE_IDENTIFIER = test.test2;
				PRODUCT_NAME = "$(TARGET_NAME)";
				TARGETED_DEVICE_FAMILY = "1,2";
			};
			name = Debug;
		};
		65BE32D7200A0E440042467F /* Release */ = {
			isa = XCBuildConfiguration;
			buildSettings = {
				ASSETCATALOG_COMPILER_APPICON_NAME = AppIcon;
				CODE_SIGN_STYLE = Automatic;
				INFOPLIST_FILE = test2/Info.plist;
				LD_RUNPATH_SEARCH_PATHS = "$(inherited) @executable_path/Frameworks";
				PRODUCT_BUNDLE_IDENTIFIER = test.test2;
				PRODUCT_NAME = "$(TARGET_NAME)";
				TARGETED_DEVICE_FAMILY = "1,2";
			};
			name = Release;
		};
		65BE32D9200A0E440042467F /* Debug */ = {
			isa = XCBuildConfiguration;
			buildSettings = {
				BUNDLE_LOADER = "$(TEST_HOST)";
				CODE_SIGN_STYLE = Automatic;
				INFOPLIST_FILE = test2Tests/Info.plist;
				LD_RUNPATH_SEARCH_PATHS = "$(inherited) @executable_path/Frameworks @loader_path/Frameworks";
				PRODUCT_BUNDLE_IDENTIFIER = test.test2Tests;
				PRODUCT_NAME = "$(TARGET_NAME)";
				TARGETED_DEVICE_FAMILY = "1,2";
				TEST_HOST = "$(BUILT_PRODUCTS_DIR)/test2.app/test2";
			};
			name = Debug;
		};
		65BE32DA200A0E440042467F /* Release */ = {
			isa = XCBuildConfiguration;
			buildSettings = {
				BUNDLE_LOADER = "$(TEST_HOST)";
				CODE_SIGN_STYLE = Automatic;
				INFOPLIST_FILE = test2Tests/Info.plist;
				LD_RUNPATH_SEARCH_PATHS = "$(inherited) @executable_path/Frameworks @loader_path/Frameworks";
				PRODUCT_BUNDLE_IDENTIFIER = test.test2Tests;
				PRODUCT_NAME = "$(TARGET_NAME)";
				TARGETED_DEVICE_FAMILY = "1,2";
				TEST_HOST = "$(BUILT_PRODUCTS_DIR)/test2.app/test2";
			};
			name = Release;
		};
		65BE32DC200A0E440042467F /* Debug */ = {
			isa = XCBuildConfiguration;
			buildSettings = {
				CODE_SIGN_STYLE = Automatic;
				INFOPLIST_FILE = test2UITests/Info.plist;
				LD_RUNPATH_SEARCH_PATHS = "$(inherited) @executable_path/Frameworks @loader_path/Frameworks";
				PRODUCT_BUNDLE_IDENTIFIER = test.test2UITests;
				PRODUCT_NAME = "$(TARGET_NAME)";
				TARGETED_DEVICE_FAMILY = "1,2";
				TEST_TARGET_NAME = test2;
			};
			name = Debug;
		};
		65BE32DD200A0E440042467F /* Release */ = {
			isa = XCBuildConfiguration;
			buildSettings = {
				CODE_SIGN_STYLE = Automatic;
				INFOPLIST_FILE = test2UITests/Info.plist;
				LD_RUNPATH_SEARCH_PATHS = "$(inherited) @executable_path/Frameworks @loader_path/Frameworks";
				PRODUCT_BUNDLE_IDENTIFIER = test.test2UITests;
				PRODUCT_NAME = "$(TARGET_NAME)";
				TARGETED_DEVICE_FAMILY = "1,2";
				TEST_TARGET_NAME = test2;
			};
			name = Release;
		};
/* End XCBuildConfiguration section */

/* Begin XCConfigurationList section */
		65BE32A4200A0E440042467F /* Build configuration list for PBXProject "test2" */ = {
			isa = XCConfigurationList;
			buildConfigurations = (
				65BE32D3200A0E440042467F /* Debug */,
				65BE32D4200A0E440042467F /* Release */,
			);
			defaultConfigurationIsVisible = 0;
			defaultConfigurationName = Release;
		};
		65BE32D5200A0E440042467F /* Build configuration list for PBXNativeTarget "test2" */ = {
			isa = XCConfigurationList;
			buildConfigurations = (
				65BE32D6200A0E440042467F /* Debug */,
				65BE32D7200A0E440042467F /* Release */,
			);
			defaultConfigurationIsVisible = 0;
			defaultConfigurationName = Release;
		};
		65BE32D8200A0E440042467F /* Build configuration list for PBXNativeTarget "test2Tests" */ = {
			isa = XCConfigurationList;
			buildConfigurations = (
				65BE32D9200A0E440042467F /* Debug */,
				65BE32DA200A0E440042467F /* Release */,
			);
			defaultConfigurationIsVisible = 0;
			defaultConfigurationName = Release;
		};
		65BE32DB200A0E440042467F /* Build configuration list for PBXNativeTarget "test2UITests" */ = {
			isa = XCConfigurationList;
			buildConfigurations = (
				65BE32DC200A0E440042467F /* Debug */,
				65BE32DD200A0E440042467F /* Release */,
			);
			defaultConfigurationIsVisible = 0;
			defaultConfigurationName = Release;
		};
/* End XCConfigurationList section */
	};
	rootObject = 65BE32A1200A0E440042467F /* Project object */;
}
